GEM
  remote: https://gem.coop/
  specs:
    ast (2.4.3)
    json (2.19.5)
    language_server-protocol (3.17.0.5)
    lint_roller (1.1.0)
    parallel (2.1.0)
    parser (3.3.11.1)
      ast (~> 2.4.1)
      racc
    prism (1.9.0)
    racc (1.8.1)
    rainbow (3.1.1)
    regexp_parser (2.12.0)
    rubocop (1.86.2)
      json (~> 2.3)
      language_server-protocol (~> 3.17.0.2)
      lint_roller (~> 1.1.0)
      parallel (>= 1.10)
      parser (>= 3.3.0.2)
      rainbow (>= 2.2.2, < 4.0)
      regexp_parser (>= 2.9.3, < 3.0)
      rubocop-ast (>= 1.49.0, < 2.0)
      ruby-progressbar (~> 1.7)
      unicode-display_width (>= 2.4.0, < 4.0)
    rubocop-ast (1.49.1)
      parser (>= 3.3.7.2)
      prism (~> 1.7)
    rubocop_spinel (0.2.0)
      lint_roller (~> 1.1)
      rubocop (>= 1.84, < 2.0)
    ruby-progressbar (1.13.0)
    sqlite3 (2.9.4-aarch64-linux-gnu)
    sqlite3 (2.9.4-aarch64-linux-musl)
    sqlite3 (2.9.4-arm-linux-gnu)
    sqlite3 (2.9.4-arm-linux-musl)
    sqlite3 (2.9.4-arm64-darwin)
    sqlite3 (2.9.4-x86-linux-gnu)
    sqlite3 (2.9.4-x86-linux-musl)
    sqlite3 (2.9.4-x86_64-darwin)
    sqlite3 (2.9.4-x86_64-linux-gnu)
    sqlite3 (2.9.4-x86_64-linux-musl)
    unicode-display_width (3.2.0)
      unicode-emoji (~> 4.1)
    unicode-emoji (4.2.0)

GEM
  remote: https://rubygems.org/
  specs:
    base64 (0.3.0)
    fresco (0.0.1)
      base64
      herb
    herb (0.10.1-aarch64-linux-gnu)
    herb (0.10.1-aarch64-linux-musl)
    herb (0.10.1-arm-linux-gnu)
    herb (0.10.1-arm-linux-musl)
    herb (0.10.1-arm64-darwin)
    herb (0.10.1-x86-linux-gnu)
    herb (0.10.1-x86-linux-musl)
    herb (0.10.1-x86_64-darwin)
    herb (0.10.1-x86_64-linux-gnu)
    herb (0.10.1-x86_64-linux-musl)

PLATFORMS
  aarch64-linux-gnu
  aarch64-linux-musl
  arm-linux-gnu
  arm-linux-musl
  arm64-darwin
  x86-linux-gnu
  x86-linux-musl
  x86_64-darwin
  x86_64-linux-gnu
  x86_64-linux-musl

DEPENDENCIES
  fresco!
  rubocop_spinel
  sqlite3

CHECKSUMS
  ast (2.4.3) sha256=954615157c1d6a382bc27d690d973195e79db7f55e9765ac7c481c60bdb4d383
  base64 (0.3.0) sha256=27337aeabad6ffae05c265c450490628ef3ebd4b67be58257393227588f5a97b
  fresco (0.0.1) sha256=92538c813e0aa9bd7ba4cd388ac8361b0632c09db7c84b3200022dc37f07d03f
  herb (0.10.1-aarch64-linux-gnu) sha256=fd9f4f8e0bcd9a421de55ff8810066550e9bcba8c8bf53737b32a04eb2fcbc49
  herb (0.10.1-aarch64-linux-musl) sha256=bc6dac577c25bb7b35fe812987a9da7056aabd3a9394941c2aadf68bcca7c58e
  herb (0.10.1-arm-linux-gnu) sha256=965fcb7bb59c7307c2dfdb8fa03ae06724184886bcb015088585e5163036a425
  herb (0.10.1-arm-linux-musl) sha256=d1c18bf017bccaf32e27439e74e53b3f24bc8056d0ef70e79568ac7f7b2e2728
  herb (0.10.1-arm64-darwin) sha256=08d0434ae94d23a7353d767085dc974cc5e63943a07cd48bc99afd7fea919c1b
  herb (0.10.1-x86-linux-gnu) sha256=e97cb6147b98462b8cf768d5e527ae54f0d71513061940ad0bd18ecc2c941b12
  herb (0.10.1-x86-linux-musl) sha256=d01c5419a931fbe6de0d4b4e31cd41378598ddefe811155983fd4305e6d04306
  herb (0.10.1-x86_64-darwin) sha256=dc266814a63215eefb82cf4f55ce723bc20218395b13c1631c11ca7cfc782d07
  herb (0.10.1-x86_64-linux-gnu) sha256=c7762d411a6d2e1a032cf403b0429155c01ab48b3b5be2a0aab1e921da6b8948
  herb (0.10.1-x86_64-linux-musl) sha256=a5bb7c82bbc30a9eb80cb833fea749f543a0709d9f858f7db366a3c2616d969b
  json (2.19.5) sha256=218a18553e4801d579ca7e0f5bc72bafd776d7397238a1fb4e74db5b0a812c59
  language_server-protocol (3.17.0.5) sha256=fd1e39a51a28bf3eec959379985a72e296e9f9acfce46f6a79d31ca8760803cc
  lint_roller (1.1.0) sha256=2c0c845b632a7d172cb849cc90c1bce937a28c5c8ccccb50dfd46a485003cc87
  parallel (2.1.0) sha256=b35258865c2e31134c5ecb708beaaf6772adf9d5efae28e93e99260877b09356
  parser (3.3.11.1) sha256=d17ace7aabe3e72c3cc94043714be27cc6f852f104d81aa284c2281aecc65d54
  prism (1.9.0) sha256=7b530c6a9f92c24300014919c9dcbc055bf4cdf51ec30aed099b06cd6674ef85
  racc (1.8.1) sha256=4a7f6929691dbec8b5209a0b373bc2614882b55fc5d2e447a21aaa691303d62f
  rainbow (3.1.1) sha256=039491aa3a89f42efa1d6dec2fc4e62ede96eb6acd95e52f1ad581182b79bc6a
  regexp_parser (2.12.0) sha256=35a916a1d63190ab5c9009457136ae5f3c0c7512d60291d0d1378ba18ce08ebb
  rubocop (1.86.2) sha256=bb2e97f635eda42c448f2588f4a6ff78f221b8bdfdf65b1e9b07fbd57521b45d
  rubocop-ast (1.49.1) sha256=4412f3ee70f6fe4546cc489548e0f6fcf76cafcfa80fa03af67098ffed755035
  rubocop_spinel (0.2.0) sha256=91e677f315435af93c06bc89e08a8a4c216d72ea212d2d0dc3a1c865d5c99aa7
  ruby-progressbar (1.13.0) sha256=80fc9c47a9b640d6834e0dc7b3c94c9df37f08cb072b7761e4a71e22cff29b33
  sqlite3 (2.9.4-aarch64-linux-gnu) sha256=ecabed721e6eaad54601d2685f09029d90025efc8d931040dc89cb3f8a2080ec
  sqlite3 (2.9.4-aarch64-linux-musl) sha256=ffb4255947fb54c8c3eeca97460c9702b40de91ce390455ef7367ca6a3929a31
  sqlite3 (2.9.4-arm-linux-gnu) sha256=9ee2008b9fbec984c3c165b0d7eedd2bd2a415100b761bfa3a4c6fbec9208bf6
  sqlite3 (2.9.4-arm-linux-musl) sha256=8dc1fe4da6977992cd62decf4a93ccf6cc2e124a5e6a340160d52092f70e837a
  sqlite3 (2.9.4-arm64-darwin) sha256=1d5aad413a815d236e96d43f05a1acc600b6cd086800770342a3f9c2877499ff
  sqlite3 (2.9.4-x86-linux-gnu) sha256=5cab40ea734796802853501bd23b6162eec391dc37f3bf04bc2ffbda9c8bf93d
  sqlite3 (2.9.4-x86-linux-musl) sha256=936e2d4a428887fac15f55e26a18671fbb4e522bffaa43969fadf7b40ab25214
  sqlite3 (2.9.4-x86_64-darwin) sha256=f280c476e360b73e86165a5e59b72801385b4a6c3a47f8af5ecefb9d90bec17f
  sqlite3 (2.9.4-x86_64-linux-gnu) sha256=537a3eda71b1df1336d0055cbebe55a7317c34870c192c7b6b9d8d0be6871847
  sqlite3 (2.9.4-x86_64-linux-musl) sha256=3fc5e865b4be9a85d998203ef8d0c0fdcb92f20acf34a254346ff8a19088efec
  unicode-display_width (3.2.0) sha256=0cdd96b5681a5949cdbc2c55e7b420facae74c4aaf9a9815eee1087cb1853c42
  unicode-emoji (4.2.0) sha256=519e69150f75652e40bf736106cfbc8f0f73aa3fb6a65afe62fefa7f80b0f80f

BUNDLED WITH
  4.0.10
